
Microsoft Visual Studio Solution File, Format Version 12.00
# Visual Studio 15
VisualStudioVersion = 15.0.28307.960
MinimumVisualStudioVersion = 10.0.40219.1
Project("{FAE04EC0-301F-11D3-BF4B-00C04F79EFBC}") = "AutoFill", "AutoFill\AutoFill.csproj", "{0EA7CA29-638E-459E-B2D3-A5669D50CDF7}"
EndProject
Global
	GlobalSection(SolutionConfigurationPlatforms) = preSolution
		Debug|Any CPU = Debug|Any CPU
		Release|Any CPU = Release|Any CPU
	EndGlobalSection
	GlobalSection(ProjectConfigurationPlatforms) = postSolution
		{0EA7CA29-638E-459E-B2D3-A5669D50CDF7}.Debug|Any CPU.ActiveCfg = Debug|Any CPU
		{0EA7CA29-638E-459E-B2D3-A5669D50CDF7}.Debug|Any CPU.Build.0 = Debug|Any CPU
		{0EA7CA29-638E-459E-B2D3-A5669D50CDF7}.Release|Any CPU.ActiveCfg = Release|Any CPU
		{0EA7CA29-638E-459E-B2D3-A5669D50CDF7}.Release|Any CPU.Build.0 = Release|Any CPU
	EndGlobalSection
	GlobalSection(SolutionProperties) = preSolution
		HideSolutionNode = FALSE
	EndGlobalSection
	GlobalSection(ExtensibilityGlobals) = postSolution
		SolutionGuid = {DED442FC-BFB0-46A7-9A8A-F4F775CEFDE3}
	EndGlobalSection
EndGlobal
